
Microsoft Visual Studio Solution File, Format Version 12.00
# Visual Studio 2013
VisualStudioVersion = 12.0.21005.1
MinimumVisualStudioVersion = 10.0.40219.1
Project("{FAE04EC0-301F-11D3-BF4B-00C04F79EFBC}") = "CA2 v2", "CA2 v2\CA2 v2.csproj", "{2CCEC54B-E5AA-423F-90ED-99F6F9FD0D70}"
EndProject
Project("{FAE04EC0-301F-11D3-BF4B-00C04F79EFBC}") = "CA2 v2.Tests", "CA2 v2.Tests\CA2 v2.Tests.csproj", "{589F3C68-EA5E-4F0E-AA01-FA22D955412F}"
EndProject
Global
	GlobalSection(SolutionConfigurationPlatforms) = preSolution
		Debug|Any CPU = Debug|Any CPU
		Release|Any CPU = Release|Any CPU
	EndGlobalSection
	GlobalSection(ProjectConfigurationPlatforms) = postSolution
		{2CCEC54B-E5AA-423F-90ED-99F6F9FD0D70}.Debug|Any CPU.ActiveCfg = Debug|Any CPU
		{2CCEC54B-E5AA-423F-90ED-99F6F9FD0D70}.Debug|Any CPU.Build.0 = Debug|Any CPU
		{2CCEC54B-E5AA-423F-90ED-99F6F9FD0D70}.Release|Any CPU.ActiveCfg = Release|Any CPU
		{2CCEC54B-E5AA-423F-90ED-99F6F9FD0D70}.Release|Any CPU.Build.0 = Release|Any CPU
		{589F3C68-EA5E-4F0E-AA01-FA22D955412F}.Debug|Any CPU.ActiveCfg = Debug|Any CPU
		{589F3C68-EA5E-4F0E-AA01-FA22D955412F}.Debug|Any CPU.Build.0 = Debug|Any CPU
		{589F3C68-EA5E-4F0E-AA01-FA22D955412F}.Release|Any CPU.ActiveCfg = Release|Any CPU
		{589F3C68-EA5E-4F0E-AA01-FA22D955412F}.Release|Any CPU.Build.0 = Release|Any CPU
	EndGlobalSection
	GlobalSection(SolutionProperties) = preSolution
		HideSolutionNode = FALSE
	EndGlobalSection
EndGlobal
